
Microsoft Visual Studio Solution File, Format Version 12.00
# Visual Studio Version 17
VisualStudioVersion = 17.7.34202.233
MinimumVisualStudioVersion = 10.0.40219.1
Project("{9A19103F-16F7-4668-BE54-9A1E7A4F7556}") = "Fntt.UWP", "Fntt\Fntt.UWP\Fntt.UWP.csproj", "{0C9B1A15-FE18-4997-A195-D407B7C30FEA}"
EndProject
Project("{9A19103F-16F7-4668-BE54-9A1E7A4F7556}") = "Fntt.Android", "Fntt\Fntt.Android\Fntt.Android.csproj", "{F328E292-93FF-4EF8-AEAB-C110AC995FD8}"
EndProject
Project("{9A19103F-16F7-4668-BE54-9A1E7A4F7556}") = "Fntt.iOS", "Fntt\Fntt.iOS\Fntt.iOS.csproj", "{5EA8CF0B-F27A-4E4F-B31C-9D8ACC85B731}"
EndProject
Project("{9A19103F-16F7-4668-BE54-9A1E7A4F7556}") = "Fntt", "Fntt\Fntt\Fntt.csproj", "{DD761EB6-399D-4D65-A82E-2CF995B945DC}"
EndProject
Global
	GlobalSection(SolutionConfigurationPlatforms) = preSolution
		Debug|Any CPU = Debug|Any CPU
		Debug|ARM = Debug|ARM
		Debug|iPhone = Debug|iPhone
		Debug|iPhoneSimulator = Debug|iPhoneSimulator
		Debug|x64 = Debug|x64
		Debug|x86 = Debug|x86
		Release|Any CPU = Release|Any CPU
		Release|ARM = Release|ARM
		Release|iPhone = Release|iPhone
		Release|iPhoneSimulator = Release|iPhoneSimulator
		Release|x64 = Release|x64
		Release|x86 = Release|x86
	EndGlobalSection
	GlobalSection(ProjectConfigurationPlatforms) = postSolution
		{0C9B1A15-FE18-4997-A195-D407B7C30FEA}.Debug|Any CPU.ActiveCfg = Debug|x64
		{0C9B1A15-FE18-4997-A195-D407B7C30FEA}.Debug|Any CPU.Build.0 = Debug|x64
		{0C9B1A15-FE18-4997-A195-D407B7C30FEA}.Debug|Any CPU.Deploy.0 = Debug|x64
		{0C9B1A15-FE18-4997-A195-D407B7C30FEA}.Debug|ARM.ActiveCfg = Debug|ARM
		{0C9B1A15-FE18-4997-A195-D407B7C30FEA}.Debug|ARM.Build.0 = Debug|ARM
		{0C9B1A15-FE18-4997-A195-D407B7C30FEA}.Debug|ARM.Deploy.0 = Debug|ARM
		{0C9B1A15-FE18-4997-A195-D407B7C30FEA}.Debug|iPhone.ActiveCfg = Debug|x64
		{0C9B1A15-FE18-4997-A195-D407B7C30FEA}.Debug|iPhone.Build.0 = Debug|x64
		{0C9B1A15-FE18-4997-A195-D407B7C30FEA}.Debug|iPhone.Deploy.0 = Debug|x64
		{0C9B1A15-FE18-4997-A195-D407B7C30FEA}.Debug|iPhoneSimulator.ActiveCfg = Debug|x64
		{0C9B1A15-FE18-4997-A195-D407B7C30FEA}.Debug|iPhoneSimulator.Build.0 = Debug|x64
		{0C9B1A15-FE18-4997-A195-D407B7C30FEA}.Debug|iPhoneSimulator.Deploy.0 = Debug|x64
		{0C9B1A15-FE18-4997-A195-D407B7C30FEA}.Debug|x64.ActiveCfg = Debug|x64
		{0C9B1A15-FE18-4997-A195-D407B7C30FEA}.Debug|x64.Build.0 = Debug|x64
		{0C9B1A15-FE18-4997-A195-D407B7C30FEA}.Debug|x64.Deploy.0 = Debug|x64
		{0C9B1A15-FE18-4997-A195-D407B7C30FEA}.Debug|x86.ActiveCfg = Debug|x86
		{0C9B1A15-FE18-4997-A195-D407B7C30FEA}.Debug|x86.Build.0 = Debug|x86
		{0C9B1A15-FE18-4997-A195-D407B7C30FEA}.Debug|x86.Deploy.0 = Debug|x86
		{0C9B1A15-FE18-4997-A195-D407B7C30FEA}.Release|Any CPU.ActiveCfg = Release|x64
		{0C9B1A15-FE18-4997-A195-D407B7C30FEA}.Release|Any CPU.Build.0 = Release|x64
		{0C9B1A15-FE18-4997-A195-D407B7C30FEA}.Release|Any CPU.Deploy.0 = Release|x64
		{0C9B1A15-FE18-4997-A195-D407B7C30FEA}.Release|ARM.ActiveCfg = Release|ARM
		{0C9B1A15-FE18-4997-A195-D407B7C30FEA}.Release|ARM.Build.0 = Release|ARM
		{0C9B1A15-FE18-4997-A195-D407B7C30FEA}.Release|ARM.Deploy.0 = Release|ARM
		{0C9B1A15-FE18-4997-A195-D407B7C30FEA}.Release|iPhone.ActiveCfg = Release|x64
		{0C9B1A15-FE18-4997-A195-D407B7C30FEA}.Release|iPhone.Build.0 = Release|x64
		{0C9B1A15-FE18-4997-A195-D407B7C30FEA}.Release|iPhone.Deploy.0 = Release|x64
		{0C9B1A15-FE18-4997-A195-D407B7C30FEA}.Release|iPhoneSimulator.ActiveCfg = Release|x64
		{0C9B1A15-FE18-4997-A195-D407B7C30FEA}.Release|iPhoneSimulator.Build.0 = Release|x64
		{0C9B1A15-FE18-4997-A195-D407B7C30FEA}.Release|iPhoneSimulator.Deploy.0 = Release|x64
		{0C9B1A15-FE18-4997-A195-D407B7C30FEA}.Release|x64.ActiveCfg = Release|x64
		{0C9B1A15-FE18-4997-A195-D407B7C30FEA}.Release|x64.Build.0 = Release|x64
		{0C9B1A15-FE18-4997-A195-D407B7C30FEA}.Release|x64.Deploy.0 = Release|x64
		{0C9B1A15-FE18-4997-A195-D407B7C30FEA}.Release|x86.ActiveCfg = Release|x86
		{0C9B1A15-FE18-4997-A195-D407B7C30FEA}.Release|x86.Build.0 = Release|x86
		{0C9B1A15-FE18-4997-A195-D407B7C30FEA}.Release|x86.Deploy.0 = Release|x86
		{F328E292-93FF-4EF8-AEAB-C110AC995FD8}.Debug|Any CPU.ActiveCfg = Debug|Any CPU
		{F328E292-93FF-4EF8-AEAB-C110AC995FD8}.Debug|Any CPU.Build.0 = Debug|Any CPU
		{F328E292-93FF-4EF8-AEAB-C110AC995FD8}.Debug|Any CPU.Deploy.0 = Debug|Any CPU
		{F328E292-93FF-4EF8-AEAB-C110AC995FD8}.Debug|ARM.ActiveCfg = Debug|Any CPU
		{F328E292-93FF-4EF8-AEAB-C110AC995FD8}.Debug|ARM.Build.0 = Debug|Any CPU
		{F328E292-93FF-4EF8-AEAB-C110AC995FD8}.Debug|ARM.Deploy.0 = Debug|Any CPU
		{F328E292-93FF-4EF8-AEAB-C110AC995FD8}.Debug|iPhone.ActiveCfg = Debug|Any CPU
		{F328E292-93FF-4EF8-AEAB-C110AC995FD8}.Debug|iPhone.Build.0 = Debug|Any CPU
		{F328E292-93FF-4EF8-AEAB-C110AC995FD8}.Debug|iPhone.Deploy.0 = Debug|Any CPU
		{F328E292-93FF-4EF8-AEAB-C110AC995FD8}.Debug|iPhoneSimulator.ActiveCfg = Debug|Any CPU
		{F328E292-93FF-4EF8-AEAB-C110AC995FD8}.Debug|iPhoneSimulator.Build.0 = Debug|Any CPU
		{F328E292-93FF-4EF8-AEAB-C110AC995FD8}.Debug|iPhoneSimulator.Deploy.0 = Debug|Any CPU
		{F328E292-93FF-4EF8-AEAB-C110AC995FD8}.Debug|x64.ActiveCfg = Debug|Any CPU
		{F328E292-93FF-4EF8-AEAB-C110AC995FD8}.Debug|x64.Build.0 = Debug|Any CPU
		{F328E292-93FF-4EF8-AEAB-C110AC995FD8}.Debug|x64.Deploy.0 = Debug|Any CPU
		{F328E292-93FF-4EF8-AEAB-C110AC995FD8}.Debug|x86.ActiveCfg = Debug|Any CPU
		{F328E292-93FF-4EF8-AEAB-C110AC995FD8}.Debug|x86.Build.0 = Debug|Any CPU
		{F328E292-93FF-4EF8-AEAB-C110AC995FD8}.Debug|x86.Deploy.0 = Debug|Any CPU
		{F328E292-93FF-4EF8-AEAB-C110AC995FD8}.Release|Any CPU.ActiveCfg = Release|Any CPU
		{F328E292-93FF-4EF8-AEAB-C110AC995FD8}.Release|Any CPU.Build.0 = Release|Any CPU
		{F328E292-93FF-4EF8-AEAB-C110AC995FD8}.Release|Any CPU.Deploy.0 = Release|Any CPU
		{F328E292-93FF-4EF8-AEAB-C110AC995FD8}.Release|ARM.ActiveCfg = Release|Any CPU
		{F328E292-93FF-4EF8-AEAB-C110AC995FD8}.Release|ARM.Build.0 = Release|Any CPU
		{F328E292-93FF-4EF8-AEAB-C110AC995FD8}.Release|ARM.Deploy.0 = Release|Any CPU
		{F328E292-93FF-4EF8-AEAB-C110AC995FD8}.Release|iPhone.ActiveCfg = Release|Any CPU
		{F328E292-93FF-4EF8-AEAB-C110AC995FD8}.Release|iPhone.Build.0 = Release|Any CPU
		{F328E292-93FF-4EF8-AEAB-C110AC995FD8}.Release|iPhone.Deploy.0 = Release|Any CPU
		{F328E292-93FF-4EF8-AEAB-C110AC995FD8}.Release|iPhoneSimulator.ActiveCfg = Release|Any CPU
		{F328E292-93FF-4EF8-AEAB-C110AC995FD8}.Release|iPhoneSimulator.Build.0 = Release|Any CPU
		{F328E292-93FF-4EF8-AEAB-C110AC995FD8}.Release|iPhoneSimulator.Deploy.0 = Release|Any CPU
		{F328E292-93FF-4EF8-AEAB-C110AC995FD8}.Release|x64.ActiveCfg = Release|Any CPU
		{F328E292-93FF-4EF8-AEAB-C110AC995FD8}.Release|x64.Build.0 = Release|Any CPU
		{F328E292-93FF-4EF8-AEAB-C110AC995FD8}.Release|x64.Deploy.0 = Release|Any CPU
		{F328E292-93FF-4EF8-AEAB-C110AC995FD8}.Release|x86.ActiveCfg = Release|Any CPU
		{F328E292-93FF-4EF8-AEAB-C110AC995FD8}.Release|x86.Build.0 = Release|Any CPU
		{F328E292-93FF-4EF8-AEAB-C110AC995FD8}.Release|x86.Deploy.0 = Release|Any CPU
		{5EA8CF0B-F27A-4E4F-B31C-9D8ACC85B731}.Debug|Any CPU.ActiveCfg = Debug|iPhoneSimulator
		{5EA8CF0B-F27A-4E4F-B31C-9D8ACC85B731}.Debug|Any CPU.Build.0 = Debug|iPhoneSimulator
		{5EA8CF0B-F27A-4E4F-B31C-9D8ACC85B731}.Debug|Any CPU.Deploy.0 = Debug|iPhoneSimulator
		{5EA8CF0B-F27A-4E4F-B31C-9D8ACC85B731}.Debug|ARM.ActiveCfg = Debug|iPhoneSimulator
		{5EA8CF0B-F27A-4E4F-B31C-9D8ACC85B731}.Debug|ARM.Build.0 = Debug|iPhoneSimulator
		{5EA8CF0B-F27A-4E4F-B31C-9D8ACC85B731}.Debug|ARM.Deploy.0 = Debug|iPhoneSimulator
		{5EA8CF0B-F27A-4E4F-B31C-9D8ACC85B731}.Debug|iPhone.ActiveCfg = Debug|iPhone
		{5EA8CF0B-F27A-4E4F-B31C-9D8ACC85B731}.Debug|iPhone.Build.0 = Debug|iPhone
		{5EA8CF0B-F27A-4E4F-B31C-9D8ACC85B731}.Debug|iPhone.Deploy.0 = Debug|iPhone
		{5EA8CF0B-F27A-4E4F-B31C-9D8ACC85B731}.Debug|iPhoneSimulator.ActiveCfg = Debug|iPhoneSimulator
		{5EA8CF0B-F27A-4E4F-B31C-9D8ACC85B731}.Debug|iPhoneSimulator.Build.0 = Debug|iPhoneSimulator
		{5EA8CF0B-F27A-4E4F-B31C-9D8ACC85B731}.Debug|iPhoneSimulator.Deploy.0 = Debug|iPhoneSimulator
		{5EA8CF0B-F27A-4E4F-B31C-9D8ACC85B731}.Debug|x64.ActiveCfg = Debug|iPhone
		{5EA8CF0B-F27A-4E4F-B31C-9D8ACC85B731}.Debug|x64.Build.0 = Debug|iPhone
		{5EA8CF0B-F27A-4E4F-B31C-9D8ACC85B731}.Debug|x64.Deploy.0 = Debug|iPhone
		{5EA8CF0B-F27A-4E4F-B31C-9D8ACC85B731}.Debug|x86.ActiveCfg = Debug|iPhoneSimulator
		{5EA8CF0B-F27A-4E4F-B31C-9D8ACC85B731}.Debug|x86.Build.0 = Debug|iPhoneSimulator
		{5EA8CF0B-F27A-4E4F-B31C-9D8ACC85B731}.Debug|x86.Deploy.0 = Debug|iPhoneSimulator
		{5EA8CF0B-F27A-4E4F-B31C-9D8ACC85B731}.Release|Any CPU.ActiveCfg = Release|iPhoneSimulator
		{5EA8CF0B-F27A-4E4F-B31C-9D8ACC85B731}.Release|Any CPU.Build.0 = Release|iPhoneSimulator
		{5EA8CF0B-F27A-4E4F-B31C-9D8ACC85B731}.Release|Any CPU.Deploy.0 = Release|iPhoneSimulator
		{5EA8CF0B-F27A-4E4F-B31C-9D8ACC85B731}.Release|ARM.ActiveCfg = Release|iPhoneSimulator
		{5EA8CF0B-F27A-4E4F-B31C-9D8ACC85B731}.Release|ARM.Build.0 = Release|iPhoneSimulator
		{5EA8CF0B-F27A-4E4F-B31C-9D8ACC85B731}.Release|ARM.Deploy.0 = Release|iPhoneSimulator
		{5EA8CF0B-F27A-4E4F-B31C-9D8ACC85B731}.Release|iPhone.ActiveCfg = Release|iPhone
		{5EA8CF0B-F27A-4E4F-B31C-9D8ACC85B731}.Release|iPhone.Build.0 = Release|iPhone
		{5EA8CF0B-F27A-4E4F-B31C-9D8ACC85B731}.Release|iPhone.Deploy.0 = Release|iPhone
		{5EA8CF0B-F27A-4E4F-B31C-9D8ACC85B731}.Release|iPhoneSimulator.ActiveCfg = Release|iPhoneSimulator
		{5EA8CF0B-F27A-4E4F-B31C-9D8ACC85B731}.Release|iPhoneSimulator.Build.0 = Release|iPhoneSimulator
		{5EA8CF0B-F27A-4E4F-B31C-9D8ACC85B731}.Release|iPhoneSimulator.Deploy.0 = Release|iPhoneSimulator
		{5EA8CF0B-F27A-4E4F-B31C-9D8ACC85B731}.Release|x64.ActiveCfg = Release|iPhoneSimulator
		{5EA8CF0B-F27A-4E4F-B31C-9D8ACC85B731}.Release|x64.Build.0 = Release|iPhoneSimulator
		{5EA8CF0B-F27A-4E4F-B31C-9D8ACC85B731}.Release|x64.Deploy.0 = Release|iPhoneSimulator
		{5EA8CF0B-F27A-4E4F-B31C-9D8ACC85B731}.Release|x86.ActiveCfg = Release|iPhoneSimulator
		{5EA8CF0B-F27A-4E4F-B31C-9D8ACC85B731}.Release|x86.Build.0 = Release|iPhoneSimulator
		{5EA8CF0B-F27A-4E4F-B31C-9D8ACC85B731}.Release|x86.Deploy.0 = Release|iPhoneSimulator
		{DD761EB6-399D-4D65-A82E-2CF995B945DC}.Debug|Any CPU.ActiveCfg = Debug|Any CPU
		{DD761EB6-399D-4D65-A82E-2CF995B945DC}.Debug|Any CPU.Build.0 = Debug|Any CPU
		{DD761EB6-399D-4D65-A82E-2CF995B945DC}.Debug|Any CPU.Deploy.0 = Debug|Any CPU
		{DD761EB6-399D-4D65-A82E-2CF995B945DC}.Debug|ARM.ActiveCfg = Debug|Any CPU
		{DD761EB6-399D-4D65-A82E-2CF995B945DC}.Debug|ARM.Build.0 = Debug|Any CPU
		{DD761EB6-399D-4D65-A82E-2CF995B945DC}.Debug|ARM.Deploy.0 = Debug|Any CPU
		{DD761EB6-399D-4D65-A82E-2CF995B945DC}.Debug|iPhone.ActiveCfg = Debug|Any CPU
		{DD761EB6-399D-4D65-A82E-2CF995B945DC}.Debug|iPhone.Build.0 = Debug|Any CPU
		{DD761EB6-399D-4D65-A82E-2CF995B945DC}.Debug|iPhone.Deploy.0 = Debug|Any CPU
		{DD761EB6-399D-4D65-A82E-2CF995B945DC}.Debug|iPhoneSimulator.ActiveCfg = Debug|Any CPU
		{DD761EB6-399D-4D65-A82E-2CF995B945DC}.Debug|iPhoneSimulator.Build.0 = Debug|Any CPU
		{DD761EB6-399D-4D65-A82E-2CF995B945DC}.Debug|iPhoneSimulator.Deploy.0 = Debug|Any CPU
		{DD761EB6-399D-4D65-A82E-2CF995B945DC}.Debug|x64.ActiveCfg = Debug|Any CPU
		{DD761EB6-399D-4D65-A82E-2CF995B945DC}.Debug|x64.Build.0 = Debug|Any CPU
		{DD761EB6-399D-4D65-A82E-2CF995B945DC}.Debug|x64.Deploy.0 = Debug|Any CPU
		{DD761EB6-399D-4D65-A82E-2CF995B945DC}.Debug|x86.ActiveCfg = Debug|Any CPU
		{DD761EB6-399D-4D65-A82E-2CF995B945DC}.Debug|x86.Build.0 = Debug|Any CPU
		{DD761EB6-399D-4D65-A82E-2CF995B945DC}.Debug|x86.Deploy.0 = Debug|Any CPU
		{DD761EB6-399D-4D65-A82E-2CF995B945DC}.Release|Any CPU.ActiveCfg = Release|Any CPU
		{DD761EB6-399D-4D65-A82E-2CF995B945DC}.Release|Any CPU.Build.0 = Release|Any CPU
		{DD761EB6-399D-4D65-A82E-2CF995B945DC}.Release|Any CPU.Deploy.0 = Release|Any CPU
		{DD761EB6-399D-4D65-A82E-2CF995B945DC}.Release|ARM.ActiveCfg = Release|Any CPU
		{DD761EB6-399D-4D65-A82E-2CF995B945DC}.Release|ARM.Build.0 = Release|Any CPU
		{DD761EB6-399D-4D65-A82E-2CF995B945DC}.Release|ARM.Deploy.0 = Release|Any CPU
		{DD761EB6-399D-4D65-A82E-2CF995B945DC}.Release|iPhone.ActiveCfg = Release|Any CPU
		{DD761EB6-399D-4D65-A82E-2CF995B945DC}.Release|iPhone.Build.0 = Release|Any CPU
		{DD761EB6-399D-4D65-A82E-2CF995B945DC}.Release|iPhone.Deploy.0 = Release|Any CPU
		{DD761EB6-399D-4D65-A82E-2CF995B945DC}.Release|iPhoneSimulator.ActiveCfg = Release|Any CPU
		{DD761EB6-399D-4D65-A82E-2CF995B945DC}.Release|iPhoneSimulator.Build.0 = Release|Any CPU
		{DD761EB6-399D-4D65-A82E-2CF995B945DC}.Release|iPhoneSimulator.Deploy.0 = Release|Any CPU
		{DD761EB6-399D-4D65-A82E-2CF995B945DC}.Release|x64.ActiveCfg = Release|Any CPU
		{DD761EB6-399D-4D65-A82E-2CF995B945DC}.Release|x64.Build.0 = Release|Any CPU
		{DD761EB6-399D-4D65-A82E-2CF995B945DC}.Release|x64.Deploy.0 = Release|Any CPU
		{DD761EB6-399D-4D65-A82E-2CF995B945DC}.Release|x86.ActiveCfg = Release|Any CPU
		{DD761EB6-399D-4D65-A82E-2CF995B945DC}.Release|x86.Build.0 = Release|Any CPU
		{DD761EB6-399D-4D65-A82E-2CF995B945DC}.Release|x86.Deploy.0 = Release|Any CPU
	EndGlobalSection
	GlobalSection(SolutionProperties) = preSolution
		HideSolutionNode = FALSE
	EndGlobalSection
	GlobalSection(ExtensibilityGlobals) = postSolution
		SolutionGuid = {3C2055BA-67AC-43B6-A31A-74360045686A}
	EndGlobalSection
EndGlobal
